// !$*UTF8*$!
{
	archiveVersion = 1;
	classes = {
	};
	objectVersion = 51;
	objects = {

/* Begin PBXBuildFile section */
		6A0B06082517EC7F00558144 /* UIViewControllerExtension.swift in Sources */ = {isa = PBXBuildFile; fileRef = 6A0B06072517EC7F00558144 /* UIViewControllerExtension.swift */; };
		6A0B060A2517EDFE00558144 /* ProductsViewTableExtension.swift in Sources */ = {isa = PBXBuildFile; fileRef = 6A0B06092517EDFE00558144 /* ProductsViewTableExtension.swift */; };
		6A0B060F2517F0AA00558144 /* Constants.swift in Sources */ = {isa = PBXBuildFile; fileRef = 6A0B060E2517F0AA00558144 /* Constants.swift */; };
		6A0B06112517F29F00558144 /* ProductsPresenter.swift in Sources */ = {isa = PBXBuildFile; fileRef = 6A0B06102517F29F00558144 /* ProductsPresenter.swift */; };
		6A3924D2251D5B0F00740D7F /* ProductDetailViewDelegateProtocol.swift in Sources */ = {isa = PBXBuildFile; fileRef = 6A3924D1251D5B0F00740D7F /* ProductDetailViewDelegateProtocol.swift */; };
		6A3AD1AA2517F54B007C8B7A /* ProductsService.swift in Sources */ = {isa = PBXBuildFile; fileRef = 6A3AD1A92517F54B007C8B7A /* ProductsService.swift */; };
		6A3AD1AC2517F69E007C8B7A /* Product.swift in Sources */ = {isa = PBXBuildFile; fileRef = 6A3AD1AB2517F69E007C8B7A /* Product.swift */; };
		6A3AD1AE2517F9B8007C8B7A /* ProductsDelegateProtocol.swift in Sources */ = {isa = PBXBuildFile; fileRef = 6A3AD1AD2517F9B8007C8B7A /* ProductsDelegateProtocol.swift */; };
		6A3AD1B02517FC56007C8B7A /* ProductsViewDelegateProtocol.swift in Sources */ = {isa = PBXBuildFile; fileRef = 6A3AD1AF2517FC56007C8B7A /* ProductsViewDelegateProtocol.swift */; };
		6A3AD1B22517FCE4007C8B7A /* ProductServiceProtocol.swift in Sources */ = {isa = PBXBuildFile; fileRef = 6A3AD1B12517FCE4007C8B7A /* ProductServiceProtocol.swift */; };
		6A7077D0251AB45C0054C6A1 /* SearchProductsView.swift in Sources */ = {isa = PBXBuildFile; fileRef = 6A7077CF251AB45C0054C6A1 /* SearchProductsView.swift */; };
		6A7077D2251AB6680054C6A1 /* SearchProductsDelegateProtocol.swift in Sources */ = {isa = PBXBuildFile; fileRef = 6A7077D1251AB6680054C6A1 /* SearchProductsDelegateProtocol.swift */; };
		6A7077D4251AB7A20054C6A1 /* SearchProductsPresenter.swift in Sources */ = {isa = PBXBuildFile; fileRef = 6A7077D3251AB7A20054C6A1 /* SearchProductsPresenter.swift */; };
		6A7077D6251AC0530054C6A1 /* SearchDTO.swift in Sources */ = {isa = PBXBuildFile; fileRef = 6A7077D5251AC0530054C6A1 /* SearchDTO.swift */; };
		6A7827FC251D4828005EADFC /* ProductDetailView.swift in Sources */ = {isa = PBXBuildFile; fileRef = 6A7827FB251D4828005EADFC /* ProductDetailView.swift */; };
		6A7827FE251D5154005EADFC /* ProductDetailPresenter.swift in Sources */ = {isa = PBXBuildFile; fileRef = 6A7827FD251D5154005EADFC /* ProductDetailPresenter.swift */; };
		6A782800251D519A005EADFC /* ProductDetailDelegateProtocol.swift in Sources */ = {isa = PBXBuildFile; fileRef = 6A7827FF251D519A005EADFC /* ProductDetailDelegateProtocol.swift */; };
		6A782802251D51F5005EADFC /* ProductDetail.swift in Sources */ = {isa = PBXBuildFile; fileRef = 6A782801251D51F5005EADFC /* ProductDetail.swift */; };
		6A782804251D578F005EADFC /* ProductDTO.swift in Sources */ = {isa = PBXBuildFile; fileRef = 6A782803251D578F005EADFC /* ProductDTO.swift */; };
		6AC5798C2517E00F00592CAD /* AppDelegate.swift in Sources */ = {isa = PBXBuildFile; fileRef = 6AC5798B2517E00F00592CAD /* AppDelegate.swift */; };
		6AC5798E2517E00F00592CAD /* SceneDelegate.swift in Sources */ = {isa = PBXBuildFile; fileRef = 6AC5798D2517E00F00592CAD /* SceneDelegate.swift */; };
		6AC579902517E00F00592CAD /* ProductsView.swift in Sources */ = {isa = PBXBuildFile; fileRef = 6AC5798F2517E00F00592CAD /* ProductsView.swift */; };
		6AC579952517E01100592CAD /* Assets.xcassets in Resources */ = {isa = PBXBuildFile; fileRef = 6AC579942517E01100592CAD /* Assets.xcassets */; };
		6AC579982517E01100592CAD /* LaunchScreen.storyboard in Resources */ = {isa = PBXBuildFile; fileRef = 6AC579962517E01100592CAD /* LaunchScreen.storyboard */; };
		6AC579A32517E01200592CAD /* MercadoLibreTests.swift in Sources */ = {isa = PBXBuildFile; fileRef = 6AC579A22517E01200592CAD /* MercadoLibreTests.swift */; };
		6AC579AE2517E0EA00592CAD /* MainCoordinator.swift in Sources */ = {isa = PBXBuildFile; fileRef = 6AC579AD2517E0EA00592CAD /* MainCoordinator.swift */; };
		6AC579B52517E16200592CAD /* CoordinatorProtocol.swift in Sources */ = {isa = PBXBuildFile; fileRef = 6AC579B42517E16200592CAD /* CoordinatorProtocol.swift */; };
		6ADFB858251AA194009A4A4C /* ProductsTableViewCell.swift in Sources */ = {isa = PBXBuildFile; fileRef = 6ADFB857251AA194009A4A4C /* ProductsTableViewCell.swift */; };
		7BECB428BC584556ED645184 /* Pods_MercadoLibre.framework in Frameworks */ = {isa = PBXBuildFile; fileRef = 125F76EA6C24179AD3EE7077 /* Pods_MercadoLibre.framework */; };
		90904FF59D8BDB93713C246B /* Pods_MercadoLibreTests.framework in Frameworks */ = {isa = PBXBuildFile; fileRef = B5AA61FED49052907404D302 /* Pods_MercadoLibreTests.framework */; };
/* End PBXBuildFile section */

/* Begin PBXContainerItemProxy section */
		6AC5799F2517E01200592CAD /* PBXContainerItemProxy */ = {
			isa = PBXContainerItemProxy;
			containerPortal = 6AC579802517E00F00592CAD /* Project object */;
			proxyType = 1;
			remoteGlobalIDString = 6AC579872517E00F00592CAD;
			remoteInfo = MercadoLibre;
		};
/* End PBXContainerItemProxy section */

/* Begin PBXFileReference section */
		11EC98A47423846181F365D4 /* Pods-MercadoLibre.debug.xcconfig */ = {isa = PBXFileReference; includeInIndex = 1; lastKnownFileType = text.xcconfig; name = "Pods-MercadoLibre.debug.xcconfig"; path = "Target Support Files/Pods-MercadoLibre/Pods-MercadoLibre.debug.xcconfig"; sourceTree = "<group>"; };
		125F76EA6C24179AD3EE7077 /* Pods_MercadoLibre.framework */ = {isa = PBXFileReference; explicitFileType = wrapper.framework; includeInIndex = 0; path = Pods_MercadoLibre.framework; sourceTree = BUILT_PRODUCTS_DIR; };
		560AFC79BA2EB574A866CBD7 /* Pods-MercadoLibre.release.xcconfig */ = {isa = PBXFileReference; includeInIndex = 1; lastKnownFileType = text.xcconfig; name = "Pods-MercadoLibre.release.xcconfig"; path = "Target Support Files/Pods-MercadoLibre/Pods-MercadoLibre.release.xcconfig"; sourceTree = "<group>"; };
		6A0B06072517EC7F00558144 /* UIViewControllerExtension.swift */ = {isa = PBXFileReference; lastKnownFileType = sourcecode.swift; path = UIViewControllerExtension.swift; sourceTree = "<group>"; };
		6A0B06092517EDFE00558144 /* ProductsViewTableExtension.swift */ = {isa = PBXFileReference; lastKnownFileType = sourcecode.swift; path = ProductsViewTableExtension.swift; sourceTree = "<group>"; };
		6A0B060E2517F0AA00558144 /* Constants.swift */ = {isa = PBXFileReference; lastKnownFileType = sourcecode.swift; path = Constants.swift; sourceTree = "<group>"; };
		6A0B06102517F29F00558144 /* ProductsPresenter.swift */ = {isa = PBXFileReference; lastKnownFileType = sourcecode.swift; path = ProductsPresenter.swift; sourceTree = "<group>"; };
		6A3924D1251D5B0F00740D7F /* ProductDetailViewDelegateProtocol.swift */ = {isa = PBXFileReference; lastKnownFileType = sourcecode.swift; path = ProductDetailViewDelegateProtocol.swift; sourceTree = "<group>"; };
		6A3AD1A92517F54B007C8B7A /* ProductsService.swift */ = {isa = PBXFileReference; lastKnownFileType = sourcecode.swift; path = ProductsService.swift; sourceTree = "<group>"; };
		6A3AD1AB2517F69E007C8B7A /* Product.swift */ = {isa = PBXFileReference; lastKnownFileType = sourcecode.swift; path = Product.swift; sourceTree = "<group>"; };
		6A3AD1AD2517F9B8007C8B7A /* ProductsDelegateProtocol.swift */ = {isa = PBXFileReference; lastKnownFileType = sourcecode.swift; path = ProductsDelegateProtocol.swift; sourceTree = "<group>"; };
		6A3AD1AF2517FC56007C8B7A /* ProductsViewDelegateProtocol.swift */ = {isa = PBXFileReference; lastKnownFileType = sourcecode.swift; path = ProductsViewDelegateProtocol.swift; sourceTree = "<group>"; };
		6A3AD1B12517FCE4007C8B7A /* ProductServiceProtocol.swift */ = {isa = PBXFileReference; lastKnownFileType = sourcecode.swift; path = ProductServiceProtocol.swift; sourceTree = "<group>"; };
		6A7077CF251AB45C0054C6A1 /* SearchProductsView.swift */ = {isa = PBXFileReference; lastKnownFileType = sourcecode.swift; path = SearchProductsView.swift; sourceTree = "<group>"; };
		6A7077D1251AB6680054C6A1 /* SearchProductsDelegateProtocol.swift */ = {isa = PBXFileReference; lastKnownFileType = sourcecode.swift; path = SearchProductsDelegateProtocol.swift; sourceTree = "<group>"; };
		6A7077D3251AB7A20054C6A1 /* SearchProductsPresenter.swift */ = {isa = PBXFileReference; lastKnownFileType = sourcecode.swift; path = SearchProductsPresenter.swift; sourceTree = "<group>"; };
		6A7077D5251AC0530054C6A1 /* SearchDTO.swift */ = {isa = PBXFileReference; lastKnownFileType = sourcecode.swift; path = SearchDTO.swift; sourceTree = "<group>"; };
		6A7827FB251D4828005EADFC /* ProductDetailView.swift */ = {isa = PBXFileReference; lastKnownFileType = sourcecode.swift; path = ProductDetailView.swift; sourceTree = "<group>"; };
		6A7827FD251D5154005EADFC /* ProductDetailPresenter.swift */ = {isa = PBXFileReference; lastKnownFileType = sourcecode.swift; path = ProductDetailPresenter.swift; sourceTree = "<group>"; };
		6A7827FF251D519A005EADFC /* ProductDetailDelegateProtocol.swift */ = {isa = PBXFileReference; lastKnownFileType = sourcecode.swift; path = ProductDetailDelegateProtocol.swift; sourceTree = "<group>"; };
		6A782801251D51F5005EADFC /* ProductDetail.swift */ = {isa = PBXFileReference; lastKnownFileType = sourcecode.swift; path = ProductDetail.swift; sourceTree = "<group>"; };
		6A782803251D578F005EADFC /* ProductDTO.swift */ = {isa = PBXFileReference; lastKnownFileType = sourcecode.swift; path = ProductDTO.swift; sourceTree = "<group>"; };
		6AC579882517E00F00592CAD /* MercadoLibre.app */ = {isa = PBXFileReference; explicitFileType = wrapper.application; includeInIndex = 0; path = MercadoLibre.app; sourceTree = BUILT_PRODUCTS_DIR; };
		6AC5798B2517E00F00592CAD /* AppDelegate.swift */ = {isa = PBXFileReference; lastKnownFileType = sourcecode.swift; path = AppDelegate.swift; sourceTree = "<group>"; };
		6AC5798D2517E00F00592CAD /* SceneDelegate.swift */ = {isa = PBXFileReference; lastKnownFileType = sourcecode.swift; path = SceneDelegate.swift; sourceTree = "<group>"; };
		6AC5798F2517E00F00592CAD /* ProductsView.swift */ = {isa = PBXFileReference; lastKnownFileType = sourcecode.swift; path = ProductsView.swift; sourceTree = "<group>"; };
		6AC579942517E01100592CAD /* Assets.xcassets */ = {isa = PBXFileReference; lastKnownFileType = folder.assetcatalog; path = Assets.xcassets; sourceTree = "<group>"; };
		6AC579972517E01100592CAD /* Base */ = {isa = PBXFileReference; lastKnownFileType = file.storyboard; name = Base; path = Base.lproj/LaunchScreen.storyboard; sourceTree = "<group>"; };
		6AC579992517E01100592CAD /* Info.plist */ = {isa = PBXFileReference; lastKnownFileType = text.plist.xml; path = Info.plist; sourceTree = "<group>"; };
		6AC5799E2517E01200592CAD /* MercadoLibreTests.xctest */ = {isa = PBXFileReference; explicitFileType = wrapper.cfbundle; includeInIndex = 0; path = MercadoLibreTests.xctest; sourceTree = BUILT_PRODUCTS_DIR; };
		6AC579A22517E01200592CAD /* MercadoLibreTests.swift */ = {isa = PBXFileReference; lastKnownFileType = sourcecode.swift; path = MercadoLibreTests.swift; sourceTree = "<group>"; };
		6AC579A42517E01200592CAD /* Info.plist */ = {isa = PBXFileReference; lastKnownFileType = text.plist.xml; path = Info.plist; sourceTree = "<group>"; };
		6AC579AD2517E0EA00592CAD /* MainCoordinator.swift */ = {isa = PBXFileReference; lastKnownFileType = sourcecode.swift; path = MainCoordinator.swift; sourceTree = "<group>"; };
		6AC579B42517E16200592CAD /* CoordinatorProtocol.swift */ = {isa = PBXFileReference; lastKnownFileType = sourcecode.swift; path = CoordinatorProtocol.swift; sourceTree = "<group>"; };
		6ADFB857251AA194009A4A4C /* ProductsTableViewCell.swift */ = {isa = PBXFileReference; lastKnownFileType = sourcecode.swift; path = ProductsTableViewCell.swift; sourceTree = "<group>"; };
		7420646A65A4FC41ABE5F9BB /* Pods-MercadoLibreTests.debug.xcconfig */ = {isa = PBXFileReference; includeInIndex = 1; lastKnownFileType = text.xcconfig; name = "Pods-MercadoLibreTests.debug.xcconfig"; path = "Target Support Files/Pods-MercadoLibreTests/Pods-MercadoLibreTests.debug.xcconfig"; sourceTree = "<group>"; };
		783BA39528C01EB0F0091DC5 /* Pods-MercadoLibreTests.release.xcconfig */ = {isa = PBXFileReference; includeInIndex = 1; lastKnownFileType = text.xcconfig; name = "Pods-MercadoLibreTests.release.xcconfig"; path = "Target Support Files/Pods-MercadoLibreTests/Pods-MercadoLibreTests.release.xcconfig"; sourceTree = "<group>"; };
		B5AA61FED49052907404D302 /* Pods_MercadoLibreTests.framework */ = {isa = PBXFileReference; explicitFileType = wrapper.framework; includeInIndex = 0; path = Pods_MercadoLibreTests.framework; sourceTree = BUILT_PRODUCTS_DIR; };
/* End PBXFileReference section */

/* Begin PBXFrameworksBuildPhase section */
		6AC579852517E00F00592CAD /* Frameworks */ = {
			isa = PBXFrameworksBuildPhase;
			buildActionMask = 2147483647;
			files = (
				7BECB428BC584556ED645184 /* Pods_MercadoLibre.framework in Frameworks */,
			);
			runOnlyForDeploymentPostprocessing = 0;
		};
		6AC5799B2517E01200592CAD /* Frameworks */ = {
			isa = PBXFrameworksBuildPhase;
			buildActionMask = 2147483647;
			files = (
				90904FF59D8BDB93713C246B /* Pods_MercadoLibreTests.framework in Frameworks */,
			);
			runOnlyForDeploymentPostprocessing = 0;
		};
/* End PBXFrameworksBuildPhase section */

/* Begin PBXGroup section */
		2B067E776463DA9AA8E3DB0E /* Frameworks */ = {
			isa = PBXGroup;
			children = (
				125F76EA6C24179AD3EE7077 /* Pods_MercadoLibre.framework */,
				B5AA61FED49052907404D302 /* Pods_MercadoLibreTests.framework */,
			);
			name = Frameworks;
			sourceTree = "<group>";
		};
		4D5C43CCD6E5C9382CA35368 /* Pods */ = {
			isa = PBXGroup;
			children = (
				11EC98A47423846181F365D4 /* Pods-MercadoLibre.debug.xcconfig */,
				560AFC79BA2EB574A866CBD7 /* Pods-MercadoLibre.release.xcconfig */,
				7420646A65A4FC41ABE5F9BB /* Pods-MercadoLibreTests.debug.xcconfig */,
				783BA39528C01EB0F0091DC5 /* Pods-MercadoLibreTests.release.xcconfig */,
			);
			path = Pods;
			sourceTree = "<group>";
		};
		6A0B06062517EC4D00558144 /* Utils */ = {
			isa = PBXGroup;
			children = (
				6A0B06072517EC7F00558144 /* UIViewControllerExtension.swift */,
				6A0B060E2517F0AA00558144 /* Constants.swift */,
			);
			path = Utils;
			sourceTree = "<group>";
		};
		6A0B06122517F2C600558144 /* Service */ = {
			isa = PBXGroup;
			children = (
				6A3AD1A92517F54B007C8B7A /* ProductsService.swift */,
			);
			path = Service;
			sourceTree = "<group>";
		};
		6A782805251D579F005EADFC /* DTO */ = {
			isa = PBXGroup;
			children = (
				6A7077D5251AC0530054C6A1 /* SearchDTO.swift */,
				6A782803251D578F005EADFC /* ProductDTO.swift */,
			);
			path = DTO;
			sourceTree = "<group>";
		};
		6AC5797F2517E00F00592CAD = {
			isa = PBXGroup;
			children = (
				6AC5798A2517E00F00592CAD /* MercadoLibre */,
				6AC579A12517E01200592CAD /* MercadoLibreTests */,
				6AC579892517E00F00592CAD /* Products */,
				4D5C43CCD6E5C9382CA35368 /* Pods */,
				2B067E776463DA9AA8E3DB0E /* Frameworks */,
			);
			sourceTree = "<group>";
		};
		6AC579892517E00F00592CAD /* Products */ = {
			isa = PBXGroup;
			children = (
				6AC579882517E00F00592CAD /* MercadoLibre.app */,
				6AC5799E2517E01200592CAD /* MercadoLibreTests.xctest */,
			);
			name = Products;
			sourceTree = "<group>";
		};
		6AC5798A2517E00F00592CAD /* MercadoLibre */ = {
			isa = PBXGroup;
			children = (
				6AC5798B2517E00F00592CAD /* AppDelegate.swift */,
				6AC5798D2517E00F00592CAD /* SceneDelegate.swift */,
				6AC579942517E01100592CAD /* Assets.xcassets */,
				6AC579962517E01100592CAD /* LaunchScreen.storyboard */,
				6AC579992517E01100592CAD /* Info.plist */,
				6AC579B32517E12400592CAD /* Coordinator */,
				6A782805251D579F005EADFC /* DTO */,
				6AC579B22517E11A00592CAD /* Model */,
				6AC579B12517E11400592CAD /* View */,
				6AC579B02517E10F00592CAD /* Presenter */,
				6A0B06122517F2C600558144 /* Service */,
				6AC579AF2517E10700592CAD /* Protocols */,
				6A0B06062517EC4D00558144 /* Utils */,
			);
			path = MercadoLibre;
			sourceTree = "<group>";
		};
		6AC579A12517E01200592CAD /* MercadoLibreTests */ = {
			isa = PBXGroup;
			children = (
				6AC579A22517E01200592CAD /* MercadoLibreTests.swift */,
				6AC579A42517E01200592CAD /* Info.plist */,
			);
			path = MercadoLibreTests;
			sourceTree = "<group>";
		};
		6AC579AF2517E10700592CAD /* Protocols */ = {
			isa = PBXGroup;
			children = (
				6AC579B42517E16200592CAD /* CoordinatorProtocol.swift */,
				6A7077D1251AB6680054C6A1 /* SearchProductsDelegateProtocol.swift */,
				6A3AD1AF2517FC56007C8B7A /* ProductsViewDelegateProtocol.swift */,
				6A3AD1AD2517F9B8007C8B7A /* ProductsDelegateProtocol.swift */,
				6A3AD1B12517FCE4007C8B7A /* ProductServiceProtocol.swift */,
				6A7827FF251D519A005EADFC /* ProductDetailDelegateProtocol.swift */,
				6A3924D1251D5B0F00740D7F /* ProductDetailViewDelegateProtocol.swift */,
			);
			path = Protocols;
			sourceTree = "<group>";
		};
		6AC579B02517E10F00592CAD /* Presenter */ = {
			isa = PBXGroup;
			children = (
				6A7077D3251AB7A20054C6A1 /* SearchProductsPresenter.swift */,
				6A0B06102517F29F00558144 /* ProductsPresenter.swift */,
				6A7827FD251D5154005EADFC /* ProductDetailPresenter.swift */,
			);
			path = Presenter;
			sourceTree = "<group>";
		};
		6AC579B12517E11400592CAD /* View */ = {
			isa = PBXGroup;
			children = (
				6A7077CF251AB45C0054C6A1 /* SearchProductsView.swift */,
				6AC5798F2517E00F00592CAD /* ProductsView.swift */,
				6A0B06092517EDFE00558144 /* ProductsViewTableExtension.swift */,
				6ADFB857251AA194009A4A4C /* ProductsTableViewCell.swift */,
				6A7827FB251D4828005EADFC /* ProductDetailView.swift */,
			);
			path = View;
			sourceTree = "<group>";
		};
		6AC579B22517E11A00592CAD /* Model */ = {
			isa = PBXGroup;
			children = (
				6A3AD1AB2517F69E007C8B7A /* Product.swift */,
				6A782801251D51F5005EADFC /* ProductDetail.swift */,
			);
			path = Model;
			sourceTree = "<group>";
		};
		6AC579B32517E12400592CAD /* Coordinator */ = {
			isa = PBXGroup;
			children = (
				6AC579AD2517E0EA00592CAD /* MainCoordinator.swift */,
			);
			path = Coordinator;
			sourceTree = "<group>";
		};
/* End PBXGroup section */

/* Begin PBXNativeTarget section */
		6AC579872517E00F00592CAD /* MercadoLibre */ = {
			isa = PBXNativeTarget;
			buildConfigurationList = 6AC579A72517E01200592CAD /* Build configuration list for PBXNativeTarget "MercadoLibre" */;
			buildPhases = (
				C3EE68475150AA2996DCA43A /* [CP] Check Pods Manifest.lock */,
				6AC579842517E00F00592CAD /* Sources */,
				6AC579852517E00F00592CAD /* Frameworks */,
				6AC579862517E00F00592CAD /* Resources */,
				0BBC618490DEDDAF035C542C /* [CP] Embed Pods Frameworks */,
			);
			buildRules = (
			);
			dependencies = (
			);
			name = MercadoLibre;
			productName = MercadoLibre;
			productReference = 6AC579882517E00F00592CAD /* MercadoLibre.app */;
			productType = "com.apple.product-type.application";
		};
		6AC5799D2517E01200592CAD /* MercadoLibreTests */ = {
			isa = PBXNativeTarget;
			buildConfigurationList = 6AC579AA2517E01200592CAD /* Build configuration list for PBXNativeTarget "MercadoLibreTests" */;
			buildPhases = (
				9079C6FD08990734833912EB /* [CP] Check Pods Manifest.lock */,
				6AC5799A2517E01200592CAD /* Sources */,
				6AC5799B2517E01200592CAD /* Frameworks */,
				6AC5799C2517E01200592CAD /* Resources */,
			);
			buildRules = (
			);
			dependencies = (
				6AC579A02517E01200592CAD /* PBXTargetDependency */,
			);
			name = MercadoLibreTests;
			productName = MercadoLibreTests;
			productReference = 6AC5799E2517E01200592CAD /* MercadoLibreTests.xctest */;
			productType = "com.apple.product-type.bundle.unit-test";
		};
/* End PBXNativeTarget section */

/* Begin PBXProject section */
		6AC579802517E00F00592CAD /* Project object */ = {
			isa = PBXProject;
			attributes = {
				LastSwiftUpdateCheck = 1150;
				LastUpgradeCheck = 1150;
				ORGANIZATIONNAME = "Gaston Daniel Gabriel Grippi";
				TargetAttributes = {
					6AC579872517E00F00592CAD = {
						CreatedOnToolsVersion = 11.5;
					};
					6AC5799D2517E01200592CAD = {
						CreatedOnToolsVersion = 11.5;
						TestTargetID = 6AC579872517E00F00592CAD;
					};
				};
			};
			buildConfigurationList = 6AC579832517E00F00592CAD /* Build configuration list for PBXProject "MercadoLibre" */;
			compatibilityVersion = "Xcode 9.3";
			developmentRegion = en;
			hasScannedForEncodings = 0;
			knownRegions = (
				en,
				Base,
			);
			mainGroup = 6AC5797F2517E00F00592CAD;
			productRefGroup = 6AC579892517E00F00592CAD /* Products */;
			projectDirPath = "";
			projectRoot = "";
			targets = (
				6AC579872517E00F00592CAD /* MercadoLibre */,
				6AC5799D2517E01200592CAD /* MercadoLibreTests */,
			);
		};
/* End PBXProject section */

/* Begin PBXResourcesBuildPhase section */
		6AC579862517E00F00592CAD /* Resources */ = {
			isa = PBXResourcesBuildPhase;
			buildActionMask = 2147483647;
			files = (
				6AC579982517E01100592CAD /* LaunchScreen.storyboard in Resources */,
				6AC579952517E01100592CAD /* Assets.xcassets in Resources */,
			);
			runOnlyForDeploymentPostprocessing = 0;
		};
		6AC5799C2517E01200592CAD /* Resources */ = {
			isa = PBXResourcesBuildPhase;
			buildActionMask = 2147483647;
			files = (
			);
			runOnlyForDeploymentPostprocessing = 0;
		};
/* End PBXResourcesBuildPhase section */

/* Begin PBXShellScriptBuildPhase section */
		0BBC618490DEDDAF035C542C /* [CP] Embed Pods Frameworks */ = {
			isa = PBXShellScriptBuildPhase;
			buildActionMask = 2147483647;
			files = (
			);
			inputFileListPaths = (
				"${PODS_ROOT}/Target Support Files/Pods-MercadoLibre/Pods-MercadoLibre-frameworks-${CONFIGURATION}-input-files.xcfilelist",
			);
			name = "[CP] Embed Pods Frameworks";
			outputFileListPaths = (
				"${PODS_ROOT}/Target Support Files/Pods-MercadoLibre/Pods-MercadoLibre-frameworks-${CONFIGURATION}-output-files.xcfilelist",
			);
			runOnlyForDeploymentPostprocessing = 0;
			shellPath = /bin/sh;
			shellScript = "\"${PODS_ROOT}/Target Support Files/Pods-MercadoLibre/Pods-MercadoLibre-frameworks.sh\"\n";
			showEnvVarsInLog = 0;
		};
		9079C6FD08990734833912EB /* [CP] Check Pods Manifest.lock */ = {
			isa = PBXShellScriptBuildPhase;
			buildActionMask = 2147483647;
			files = (
			);
			inputFileListPaths = (
			);
			inputPaths = (
				"${PODS_PODFILE_DIR_PATH}/Podfile.lock",
				"${PODS_ROOT}/Manifest.lock",
			);
			name = "[CP] Check Pods Manifest.lock";
			outputFileListPaths = (
			);
			outputPaths = (
				"$(DERIVED_FILE_DIR)/Pods-MercadoLibreTests-checkManifestLockResult.txt",
			);
			runOnlyForDeploymentPostprocessing = 0;
			shellPath = /bin/sh;
			shellScript = "diff \"${PODS_PODFILE_DIR_PATH}/Podfile.lock\" \"${PODS_ROOT}/Manifest.lock\" > /dev/null\nif [ $? != 0 ] ; then\n    # print error to STDERR\n    echo \"error: The sandbox is not in sync with the Podfile.lock. Run 'pod install' or update your CocoaPods installation.\" >&2\n    exit 1\nfi\n# This output is used by Xcode 'outputs' to avoid re-running this script phase.\necho \"SUCCESS\" > \"${SCRIPT_OUTPUT_FILE_0}\"\n";
			showEnvVarsInLog = 0;
		};
		C3EE68475150AA2996DCA43A /* [CP] Check Pods Manifest.lock */ = {
			isa = PBXShellScriptBuildPhase;
			buildActionMask = 2147483647;
			files = (
			);
			inputFileListPaths = (
			);
			inputPaths = (
				"${PODS_PODFILE_DIR_PATH}/Podfile.lock",
				"${PODS_ROOT}/Manifest.lock",
			);
			name = "[CP] Check Pods Manifest.lock";
			outputFileListPaths = (
			);
			outputPaths = (
				"$(DERIVED_FILE_DIR)/Pods-MercadoLibre-checkManifestLockResult.txt",
			);
			runOnlyForDeploymentPostprocessing = 0;
			shellPath = /bin/sh;
			shellScript = "diff \"${PODS_PODFILE_DIR_PATH}/Podfile.lock\" \"${PODS_ROOT}/Manifest.lock\" > /dev/null\nif [ $? != 0 ] ; then\n    # print error to STDERR\n    echo \"error: The sandbox is not in sync with the Podfile.lock. Run 'pod install' or update your CocoaPods installation.\" >&2\n    exit 1\nfi\n# This output is used by Xcode 'outputs' to avoid re-running this script phase.\necho \"SUCCESS\" > \"${SCRIPT_OUTPUT_FILE_0}\"\n";
			showEnvVarsInLog = 0;
		};
/* End PBXShellScriptBuildPhase section */

/* Begin PBXSourcesBuildPhase section */
		6AC579842517E00F00592CAD /* Sources */ = {
			isa = PBXSourcesBuildPhase;
			buildActionMask = 2147483647;
			files = (
				6ADFB858251AA194009A4A4C /* ProductsTableViewCell.swift in Sources */,
				6A7827FC251D4828005EADFC /* ProductDetailView.swift in Sources */,
				6A3AD1B22517FCE4007C8B7A /* ProductServiceProtocol.swift in Sources */,
				6A782804251D578F005EADFC /* ProductDTO.swift in Sources */,
				6AC579902517E00F00592CAD /* ProductsView.swift in Sources */,
				6A7077D2251AB6680054C6A1 /* SearchProductsDelegateProtocol.swift in Sources */,
				6A7077D0251AB45C0054C6A1 /* SearchProductsView.swift in Sources */,
				6AC579AE2517E0EA00592CAD /* MainCoordinator.swift in Sources */,
				6A0B06112517F29F00558144 /* ProductsPresenter.swift in Sources */,
				6A0B060A2517EDFE00558144 /* ProductsViewTableExtension.swift in Sources */,
				6A0B06082517EC7F00558144 /* UIViewControllerExtension.swift in Sources */,
				6A3AD1AC2517F69E007C8B7A /* Product.swift in Sources */,
				6A3924D2251D5B0F00740D7F /* ProductDetailViewDelegateProtocol.swift in Sources */,
				6A3AD1B02517FC56007C8B7A /* ProductsViewDelegateProtocol.swift in Sources */,
				6AC579B52517E16200592CAD /* CoordinatorProtocol.swift in Sources */,
				6A7077D4251AB7A20054C6A1 /* SearchProductsPresenter.swift in Sources */,
				6A782802251D51F5005EADFC /* ProductDetail.swift in Sources */,
				6AC5798C2517E00F00592CAD /* AppDelegate.swift in Sources */,
				6AC5798E2517E00F00592CAD /* SceneDelegate.swift in Sources */,
				6A782800251D519A005EADFC /* ProductDetailDelegateProtocol.swift in Sources */,
				6A3AD1AE2517F9B8007C8B7A /* ProductsDelegateProtocol.swift in Sources */,
				6A7077D6251AC0530054C6A1 /* SearchDTO.swift in Sources */,
				6A0B060F2517F0AA00558144 /* Constants.swift in Sources */,
				6A7827FE251D5154005EADFC /* ProductDetailPresenter.swift in Sources */,
				6A3AD1AA2517F54B007C8B7A /* ProductsService.swift in Sources */,
			);
			runOnlyForDeploymentPostprocessing = 0;
		};
		6AC5799A2517E01200592CAD /* Sources */ = {
			isa = PBXSourcesBuildPhase;
			buildActionMask = 2147483647;
			files = (
				6AC579A32517E01200592CAD /* MercadoLibreTests.swift in Sources */,
			);
			runOnlyForDeploymentPostprocessing = 0;
		};
/* End PBXSourcesBuildPhase section */

/* Begin PBXTargetDependency section */
		6AC579A02517E01200592CAD /* PBXTargetDependency */ = {
			isa = PBXTargetDependency;
			target = 6AC579872517E00F00592CAD /* MercadoLibre */;
			targetProxy = 6AC5799F2517E01200592CAD /* PBXContainerItemProxy */;
		};
/* End PBXTargetDependency section */

/* Begin PBXVariantGroup section */
		6AC579962517E01100592CAD /* LaunchScreen.storyboard */ = {
			isa = PBXVariantGroup;
			children = (
				6AC579972517E01100592CAD /* Base */,
			);
			name = LaunchScreen.storyboard;
			sourceTree = "<group>";
		};
/* End PBXVariantGroup section */

/* Begin XCBuildConfiguration section */
		6AC579A52517E01200592CAD /* Debug */ = {
			isa = XCBuildConfiguration;
			buildSettings = {
				ALWAYS_SEARCH_USER_PATHS = NO;
				CLANG_ANALYZER_NONNULL = YES;
				CLANG_ANALYZER_NUMBER_OBJECT_CONVERSION = YES_AGGRESSIVE;
				CLANG_CXX_LANGUAGE_STANDARD = "gnu++14";
				CLANG_CXX_LIBRARY = "libc++";
				CLANG_ENABLE_MODULES = YES;
				CLANG_ENABLE_OBJC_ARC = YES;
				CLANG_ENABLE_OBJC_WEAK = YES;
				CLANG_WARN_BLOCK_CAPTURE_AUTORELEASING = YES;
				CLANG_WARN_BOOL_CONVERSION = YES;
				CLANG_WARN_COMMA = YES;
				CLANG_WARN_CONSTANT_CONVERSION = YES;
				CLANG_WARN_DEPRECATED_OBJC_IMPLEMENTATIONS = YES;
				CLANG_WARN_DIRECT_OBJC_ISA_USAGE = YES_ERROR;
				CLANG_WARN_DOCUMENTATION_COMMENTS = YES;
				CLANG_WARN_EMPTY_BODY = YES;
				CLANG_WARN_ENUM_CONVERSION = YES;
				CLANG_WARN_INFINITE_RECURSION = YES;
				CLANG_WARN_INT_CONVERSION = YES;
				CLANG_WARN_NON_LITERAL_NULL_CONVERSION = YES;
				CLANG_WARN_OBJC_IMPLICIT_RETAIN_SELF = YES;
				CLANG_WARN_OBJC_LITERAL_CONVERSION = YES;
				CLANG_WARN_OBJC_ROOT_CLASS = YES_ERROR;
				CLANG_WARN_RANGE_LOOP_ANALYSIS = YES;
				CLANG_WARN_STRICT_PROTOTYPES = YES;
				CLANG_WARN_SUSPICIOUS_MOVE = YES;
				CLANG_WARN_UNGUARDED_AVAILABILITY = YES_AGGRESSIVE;
				CLANG_WARN_UNREACHABLE_CODE = YES;
				CLANG_WARN__DUPLICATE_METHOD_MATCH = YES;
				COPY_PHASE_STRIP = NO;
				DEBUG_INFORMATION_FORMAT = dwarf;
				ENABLE_STRICT_OBJC_MSGSEND = YES;
				ENABLE_TESTABILITY = YES;
				GCC_C_LANGUAGE_STANDARD = gnu11;
				GCC_DYNAMIC_NO_PIC = NO;
				GCC_NO_COMMON_BLOCKS = YES;
				GCC_OPTIMIZATION_LEVEL = 0;
				GCC_PREPROCESSOR_DEFINITIONS = (
					"DEBUG=1",
					"$(inherited)",
				);
				GCC_WARN_64_TO_32_BIT_CONVERSION = YES;
				GCC_WARN_ABOUT_RETURN_TYPE = YES_ERROR;
				GCC_WARN_UNDECLARED_SELECTOR = YES;
				GCC_WARN_UNINITIALIZED_AUTOS = YES_AGGRESSIVE;
				GCC_WARN_UNUSED_FUNCTION = YES;
				GCC_WARN_UNUSED_VARIABLE = YES;
				IPHONEOS_DEPLOYMENT_TARGET = 13.5;
				MTL_ENABLE_DEBUG_INFO = INCLUDE_SOURCE;
				MTL_FAST_MATH = YES;
				ONLY_ACTIVE_ARCH = YES;
				SDKROOT = iphoneos;
				SWIFT_ACTIVE_COMPILATION_CONDITIONS = DEBUG;
				SWIFT_OPTIMIZATION_LEVEL = "-Onone";
			};
			name = Debug;
		};
		6AC579A62517E01200592CAD /* Release */ = {
			isa = XCBuildConfiguration;
			buildSettings = {
				ALWAYS_SEARCH_USER_PATHS = NO;
				CLANG_ANALYZER_NONNULL = YES;
				CLANG_ANALYZER_NUMBER_OBJECT_CONVERSION = YES_AGGRESSIVE;
				CLANG_CXX_LANGUAGE_STANDARD = "gnu++14";
				CLANG_CXX_LIBRARY = "libc++";
				CLANG_ENABLE_MODULES = YES;
				CLANG_ENABLE_OBJC_ARC = YES;
				CLANG_ENABLE_OBJC_WEAK = YES;
				CLANG_WARN_BLOCK_CAPTURE_AUTORELEASING = YES;
				CLANG_WARN_BOOL_CONVERSION = YES;
				CLANG_WARN_COMMA = YES;
				CLANG_WARN_CONSTANT_CONVERSION = YES;
				CLANG_WARN_DEPRECATED_OBJC_IMPLEMENTATIONS = YES;
				CLANG_WARN_DIRECT_OBJC_ISA_USAGE = YES_ERROR;
				CLANG_WARN_DOCUMENTATION_COMMENTS = YES;
				CLANG_WARN_EMPTY_BODY = YES;
				CLANG_WARN_ENUM_CONVERSION = YES;
				CLANG_WARN_INFINITE_RECURSION = YES;
				CLANG_WARN_INT_CONVERSION = YES;
				CLANG_WARN_NON_LITERAL_NULL_CONVERSION = YES;
				CLANG_WARN_OBJC_IMPLICIT_RETAIN_SELF = YES;
				CLANG_WARN_OBJC_LITERAL_CONVERSION = YES;
				CLANG_WARN_OBJC_ROOT_CLASS = YES_ERROR;
				CLANG_WARN_RANGE_LOOP_ANALYSIS = YES;
				CLANG_WARN_STRICT_PROTOTYPES = YES;
				CLANG_WARN_SUSPICIOUS_MOVE = YES;
				CLANG_WARN_UNGUARDED_AVAILABILITY = YES_AGGRESSIVE;
				CLANG_WARN_UNREACHABLE_CODE = YES;
				CLANG_WARN__DUPLICATE_METHOD_MATCH = YES;
				COPY_PHASE_STRIP = NO;
				DEBUG_INFORMATION_FORMAT = "dwarf-with-dsym";
				ENABLE_NS_ASSERTIONS = NO;
				ENABLE_STRICT_OBJC_MSGSEND = YES;
				GCC_C_LANGUAGE_STANDARD = gnu11;
				GCC_NO_COMMON_BLOCKS = YES;
				GCC_WARN_64_TO_32_BIT_CONVERSION = YES;
				GCC_WARN_ABOUT_RETURN_TYPE = YES_ERROR;
				GCC_WARN_UNDECLARED_SELECTOR = YES;
				GCC_WARN_UNINITIALIZED_AUTOS = YES_AGGRESSIVE;
				GCC_WARN_UNUSED_FUNCTION = YES;
				GCC_WARN_UNUSED_VARIABLE = YES;
				IPHONEOS_DEPLOYMENT_TARGET = 13.5;
				MTL_ENABLE_DEBUG_INFO = NO;
				MTL_FAST_MATH = YES;
				SDKROOT = iphoneos;
				SWIFT_COMPILATION_MODE = wholemodule;
				SWIFT_OPTIMIZATION_LEVEL = "-O";
				VALIDATE_PRODUCT = YES;
			};
			name = Release;
		};
		6AC579A82517E01200592CAD /* Debug */ = {
			isa = XCBuildConfiguration;
			baseConfigurationReference = 11EC98A47423846181F365D4 /* Pods-MercadoLibre.debug.xcconfig */;
			buildSettings = {
				ASSETCATALOG_COMPILER_APPICON_NAME = AppIcon;
				CODE_SIGN_STYLE = Automatic;
				INFOPLIST_FILE = MercadoLibre/Info.plist;
				LD_RUNPATH_SEARCH_PATHS = (
					"$(inherited)",
					"@executable_path/Frameworks",
				);
				PRODUCT_BUNDLE_IDENTIFIER = gaston.grippi.MercadoLibre;
				PRODUCT_NAME = "$(TARGET_NAME)";
				SWIFT_VERSION = 5.0;
				TARGETED_DEVICE_FAMILY = "1,2";
			};
			name = Debug;
		};
		6AC579A92517E01200592CAD /* Release */ = {
			isa = XCBuildConfiguration;
			baseConfigurationReference = 560AFC79BA2EB574A866CBD7 /* Pods-MercadoLibre.release.xcconfig */;
			buildSettings = {
				ASSETCATALOG_COMPILER_APPICON_NAME = AppIcon;
				CODE_SIGN_STYLE = Automatic;
				INFOPLIST_FILE = MercadoLibre/Info.plist;
				LD_RUNPATH_SEARCH_PATHS = (
					"$(inherited)",
					"@executable_path/Frameworks",
				);
				PRODUCT_BUNDLE_IDENTIFIER = gaston.grippi.MercadoLibre;
				PRODUCT_NAME = "$(TARGET_NAME)";
				SWIFT_VERSION = 5.0;
				TARGETED_DEVICE_FAMILY = "1,2";
			};
			name = Release;
		};
		6AC579AB2517E01200592CAD /* Debug */ = {
			isa = XCBuildConfiguration;
			baseConfigurationReference = 7420646A65A4FC41ABE5F9BB /* Pods-MercadoLibreTests.debug.xcconfig */;
			buildSettings = {
				ALWAYS_EMBED_SWIFT_STANDARD_LIBRARIES = YES;
				BUNDLE_LOADER = "$(TEST_HOST)";
				CODE_SIGN_STYLE = Automatic;
				INFOPLIST_FILE = MercadoLibreTests/Info.plist;
				IPHONEOS_DEPLOYMENT_TARGET = 13.5;
				LD_RUNPATH_SEARCH_PATHS = (
					"$(inherited)",
					"@executable_path/Frameworks",
					"@loader_path/Frameworks",
				);
				PRODUCT_BUNDLE_IDENTIFIER = gaston.grippi.MercadoLibreTests;
				PRODUCT_NAME = "$(TARGET_NAME)";
				SWIFT_VERSION = 5.0;
				TARGETED_DEVICE_FAMILY = "1,2";
				TEST_HOST = "$(BUILT_PRODUCTS_DIR)/MercadoLibre.app/MercadoLibre";
			};
			name = Debug;
		};
		6AC579AC2517E01200592CAD /* Release */ = {
			isa = XCBuildConfiguration;
			baseConfigurationReference = 783BA39528C01EB0F0091DC5 /* Pods-MercadoLibreTests.release.xcconfig */;
			buildSettings = {
				ALWAYS_EMBED_SWIFT_STANDARD_LIBRARIES = YES;
				BUNDLE_LOADER = "$(TEST_HOST)";
				CODE_SIGN_STYLE = Automatic;
				INFOPLIST_FILE = MercadoLibreTests/Info.plist;
				IPHONEOS_DEPLOYMENT_TARGET = 13.5;
				LD_RUNPATH_SEARCH_PATHS = (
					"$(inherited)",
					"@executable_path/Frameworks",
					"@loader_path/Frameworks",
				);
				PRODUCT_BUNDLE_IDENTIFIER = gaston.grippi.MercadoLibreTests;
				PRODUCT_NAME = "$(TARGET_NAME)";
				SWIFT_VERSION = 5.0;
				TARGETED_DEVICE_FAMILY = "1,2";
				TEST_HOST = "$(BUILT_PRODUCTS_DIR)/MercadoLibre.app/MercadoLibre";
			};
			name = Release;
		};
/* End XCBuildConfiguration section */

/* Begin XCConfigurationList section */
		6AC579832517E00F00592CAD /* Build configuration list for PBXProject "MercadoLibre" */ = {
			isa = XCConfigurationList;
			buildConfigurations = (
				6AC579A52517E01200592CAD /* Debug */,
				6AC579A62517E01200592CAD /* Release */,
			);
			defaultConfigurationIsVisible = 0;
			defaultConfigurationName = Release;
		};
		6AC579A72517E01200592CAD /* Build configuration list for PBXNativeTarget "MercadoLibre" */ = {
			isa = XCConfigurationList;
			buildConfigurations = (
				6AC579A82517E01200592CAD /* Debug */,
				6AC579A92517E01200592CAD /* Release */,
			);
			defaultConfigurationIsVisible = 0;
			defaultConfigurationName = Release;
		};
		6AC579AA2517E01200592CAD /* Build configuration list for PBXNativeTarget "MercadoLibreTests" */ = {
			isa = XCConfigurationList;
			buildConfigurations = (
				6AC579AB2517E01200592CAD /* Debug */,
				6AC579AC2517E01200592CAD /* Release */,
			);
			defaultConfigurationIsVisible = 0;
			defaultConfigurationName = Release;
		};
/* End XCConfigurationList section */
	};
	rootObject = 6AC579802517E00F00592CAD /* Project object */;
}
